
Microsoft Visual Studio Solution File, Format Version 12.00
# Visual Studio Version 17
VisualStudioVersion = 17.4.33103.184
MinimumVisualStudioVersion = 10.0.40219.1
Project("{D2ABAB84-BF74-430A-B69E-9DC6D40DDA17}") = "LDS_Cube_Group_11", "LDS_Cube_Group_11\LDS_Cube_Group_11.dwproj", "{3EAECE2C-CE4E-47E9-AFEE-C80F43F6D912}"
EndProject
Global
	GlobalSection(SolutionConfigurationPlatforms) = preSolution
		Development|Default = Development|Default
	EndGlobalSection
	GlobalSection(ProjectConfigurationPlatforms) = postSolution
		{3EAECE2C-CE4E-47E9-AFEE-C80F43F6D912}.Development|Default.ActiveCfg = Development
		{3EAECE2C-CE4E-47E9-AFEE-C80F43F6D912}.Development|Default.Build.0 = Development
		{3EAECE2C-CE4E-47E9-AFEE-C80F43F6D912}.Development|Default.Deploy.0 = Development
	EndGlobalSection
	GlobalSection(SolutionProperties) = preSolution
		HideSolutionNode = FALSE
	EndGlobalSection
	GlobalSection(ExtensibilityGlobals) = postSolution
		SolutionGuid = {1F39EBF4-452D-42ED-9633-54CB64B89C81}
	EndGlobalSection
EndGlobal
